
Microsoft Visual Studio Solution File, Format Version 12.00
# Visual Studio Version 16
VisualStudioVersion = 16.0.29306.81
MinimumVisualStudioVersion = 10.0.40219.1
Project("{FAE04EC0-301F-11D3-BF4B-00C04F79EFBC}") = "sten-sax-pase", "sten-sax-pase\sten-sax-pase.csproj", "{3CCCB21C-6A01-4E3C-B07E-E5E7C4C90952}"
EndProject
Global
	GlobalSection(SolutionConfigurationPlatforms) = preSolution
		Debug|Any CPU = Debug|Any CPU
		Release|Any CPU = Release|Any CPU
	EndGlobalSection
	GlobalSection(ProjectConfigurationPlatforms) = postSolution
		{3CCCB21C-6A01-4E3C-B07E-E5E7C4C90952}.Debug|Any CPU.ActiveCfg = Debug|Any CPU
		{3CCCB21C-6A01-4E3C-B07E-E5E7C4C90952}.Debug|Any CPU.Build.0 = Debug|Any CPU
		{3CCCB21C-6A01-4E3C-B07E-E5E7C4C90952}.Release|Any CPU.ActiveCfg = Release|Any CPU
		{3CCCB21C-6A01-4E3C-B07E-E5E7C4C90952}.Release|Any CPU.Build.0 = Release|Any CPU
	EndGlobalSection
	GlobalSection(SolutionProperties) = preSolution
		HideSolutionNode = FALSE
	EndGlobalSection
	GlobalSection(ExtensibilityGlobals) = postSolution
		SolutionGuid = {A07EA476-4141-44C9-A27E-7D6874E70C48}
	EndGlobalSection
EndGlobal
